// !$*UTF8*$!
{
	archiveVersion = 1;
	classes = {
	};
	objectVersion = 50;
	objects = {

/* Begin PBXBuildFile section */
		22BC955425E46B520056D843 /* AppDelegate.swift in Sources */ = {isa = PBXBuildFile; fileRef = 22BC955325E46B520056D843 /* AppDelegate.swift */; };
		22BC955625E46B520056D843 /* SceneDelegate.swift in Sources */ = {isa = PBXBuildFile; fileRef = 22BC955525E46B520056D843 /* SceneDelegate.swift */; };
		22BC955825E46B520056D843 /* ViewController.swift in Sources */ = {isa = PBXBuildFile; fileRef = 22BC955725E46B520056D843 /* ViewController.swift */; };
		22BC955B25E46B520056D843 /* Main.storyboard in Resources */ = {isa = PBXBuildFile; fileRef = 22BC955925E46B520056D843 /* Main.storyboard */; };
		22BC955E25E46B520056D843 /* iBeer.xcdatamodeld in Sources */ = {isa = PBXBuildFile; fileRef = 22BC955C25E46B520056D843 /* iBeer.xcdatamodeld */; };
		22BC956025E46B530056D843 /* Assets.xcassets in Resources */ = {isa = PBXBuildFile; fileRef = 22BC955F25E46B530056D843 /* Assets.xcassets */; };
		22BC956325E46B530056D843 /* LaunchScreen.storyboard in Resources */ = {isa = PBXBuildFile; fileRef = 22BC956125E46B530056D843 /* LaunchScreen.storyboard */; };
		22BC956E25E46B530056D843 /* iBeerTests.swift in Sources */ = {isa = PBXBuildFile; fileRef = 22BC956D25E46B530056D843 /* iBeerTests.swift */; };
		22BC957925E46B530056D843 /* iBeerUITests.swift in Sources */ = {isa = PBXBuildFile; fileRef = 22BC957825E46B530056D843 /* iBeerUITests.swift */; };
/* End PBXBuildFile section */

/* Begin PBXContainerItemProxy section */
		22BC956A25E46B530056D843 /* PBXContainerItemProxy */ = {
			isa = PBXContainerItemProxy;
			containerPortal = 22BC954825E46B520056D843 /* Project object */;
			proxyType = 1;
			remoteGlobalIDString = 22BC954F25E46B520056D843;
			remoteInfo = iBeer;
		};
		22BC957525E46B530056D843 /* PBXContainerItemProxy */ = {
			isa = PBXContainerItemProxy;
			containerPortal = 22BC954825E46B520056D843 /* Project object */;
			proxyType = 1;
			remoteGlobalIDString = 22BC954F25E46B520056D843;
			remoteInfo = iBeer;
		};
/* End PBXContainerItemProxy section */

/* Begin PBXFileReference section */
		22BC955025E46B520056D843 /* iBeer.app */ = {isa = PBXFileReference; explicitFileType = wrapper.application; includeInIndex = 0; path = iBeer.app; sourceTree = BUILT_PRODUCTS_DIR; };
		22BC955325E46B520056D843 /* AppDelegate.swift */ = {isa = PBXFileReference; lastKnownFileType = sourcecode.swift; path = AppDelegate.swift; sourceTree = "<group>"; };
		22BC955525E46B520056D843 /* SceneDelegate.swift */ = {isa = PBXFileReference; lastKnownFileType = sourcecode.swift; path = SceneDelegate.swift; sourceTree = "<group>"; };
		22BC955725E46B520056D843 /* ViewController.swift */ = {isa = PBXFileReference; lastKnownFileType = sourcecode.swift; path = ViewController.swift; sourceTree = "<group>"; };
		22BC955A25E46B520056D843 /* Base */ = {isa = PBXFileReference; lastKnownFileType = file.storyboard; name = Base; path = Base.lproj/Main.storyboard; sourceTree = "<group>"; };
		22BC955D25E46B520056D843 /* iBeer.xcdatamodel */ = {isa = PBXFileReference; lastKnownFileType = wrapper.xcdatamodel; path = iBeer.xcdatamodel; sourceTree = "<group>"; };
		22BC955F25E46B530056D843 /* Assets.xcassets */ = {isa = PBXFileReference; lastKnownFileType = folder.assetcatalog; path = Assets.xcassets; sourceTree = "<group>"; };
		22BC956225E46B530056D843 /* Base */ = {isa = PBXFileReference; lastKnownFileType = file.storyboard; name = Base; path = Base.lproj/LaunchScreen.storyboard; sourceTree = "<group>"; };
		22BC956425E46B530056D843 /* Info.plist */ = {isa = PBXFileReference; lastKnownFileType = text.plist.xml; path = Info.plist; sourceTree = "<group>"; };
		22BC956925E46B530056D843 /* iBeerTests.xctest */ = {isa = PBXFileReference; explicitFileType = wrapper.cfbundle; includeInIndex = 0; path = iBeerTests.xctest; sourceTree = BUILT_PRODUCTS_DIR; };
		22BC956D25E46B530056D843 /* iBeerTests.swift */ = {isa = PBXFileReference; lastKnownFileType = sourcecode.swift; path = iBeerTests.swift; sourceTree = "<group>"; };
		22BC956F25E46B530056D843 /* Info.plist */ = {isa = PBXFileReference; lastKnownFileType = text.plist.xml; path = Info.plist; sourceTree = "<group>"; };
		22BC957425E46B530056D843 /* iBeerUITests.xctest */ = {isa = PBXFileReference; explicitFileType = wrapper.cfbundle; includeInIndex = 0; path = iBeerUITests.xctest; sourceTree = BUILT_PRODUCTS_DIR; };
		22BC957825E46B530056D843 /* iBeerUITests.swift */ = {isa = PBXFileReference; lastKnownFileType = sourcecode.swift; path = iBeerUITests.swift; sourceTree = "<group>"; };
		22BC957A25E46B530056D843 /* Info.plist */ = {isa = PBXFileReference; lastKnownFileType = text.plist.xml; path = Info.plist; sourceTree = "<group>"; };
/* End PBXFileReference section */

/* Begin PBXFrameworksBuildPhase section */
		22BC954D25E46B520056D843 /* Frameworks */ = {
			isa = PBXFrameworksBuildPhase;
			buildActionMask = 2147483647;
			files = (
			);
			runOnlyForDeploymentPostprocessing = 0;
		};
		22BC956625E46B530056D843 /* Frameworks */ = {
			isa = PBXFrameworksBuildPhase;
			buildActionMask = 2147483647;
			files = (
			);
			runOnlyForDeploymentPostprocessing = 0;
		};
		22BC957125E46B530056D843 /* Frameworks */ = {
			isa = PBXFrameworksBuildPhase;
			buildActionMask = 2147483647;
			files = (
			);
			runOnlyForDeploymentPostprocessing = 0;
		};
/* End PBXFrameworksBuildPhase section */

/* Begin PBXGroup section */
		22BC954725E46B520056D843 = {
			isa = PBXGroup;
			children = (
				22BC955225E46B520056D843 /* iBeer */,
				22BC956C25E46B530056D843 /* iBeerTests */,
				22BC957725E46B530056D843 /* iBeerUITests */,
				22BC955125E46B520056D843 /* Products */,
			);
			sourceTree = "<group>";
		};
		22BC955125E46B520056D843 /* Products */ = {
			isa = PBXGroup;
			children = (
				22BC955025E46B520056D843 /* iBeer.app */,
				22BC956925E46B530056D843 /* iBeerTests.xctest */,
				22BC957425E46B530056D843 /* iBeerUITests.xctest */,
			);
			name = Products;
			sourceTree = "<group>";
		};
		22BC955225E46B520056D843 /* iBeer */ = {
			isa = PBXGroup;
			children = (
				22BC955325E46B520056D843 /* AppDelegate.swift */,
				22BC955525E46B520056D843 /* SceneDelegate.swift */,
				22BC955725E46B520056D843 /* ViewController.swift */,
				22BC955925E46B520056D843 /* Main.storyboard */,
				22BC955F25E46B530056D843 /* Assets.xcassets */,
				22BC956125E46B530056D843 /* LaunchScreen.storyboard */,
				22BC956425E46B530056D843 /* Info.plist */,
				22BC955C25E46B520056D843 /* iBeer.xcdatamodeld */,
			);
			path = iBeer;
			sourceTree = "<group>";
		};
		22BC956C25E46B530056D843 /* iBeerTests */ = {
			isa = PBXGroup;
			children = (
				22BC956D25E46B530056D843 /* iBeerTests.swift */,
				22BC956F25E46B530056D843 /* Info.plist */,
			);
			path = iBeerTests;
			sourceTree = "<group>";
		};
		22BC957725E46B530056D843 /* iBeerUITests */ = {
			isa = PBXGroup;
			children = (
				22BC957825E46B530056D843 /* iBeerUITests.swift */,
				22BC957A25E46B530056D843 /* Info.plist */,
			);
			path = iBeerUITests;
			sourceTree = "<group>";
		};
/* End PBXGroup section */

/* Begin PBXNativeTarget section */
		22BC954F25E46B520056D843 /* iBeer */ = {
			isa = PBXNativeTarget;
			buildConfigurationList = 22BC957D25E46B530056D843 /* Build configuration list for PBXNativeTarget "iBeer" */;
			buildPhases = (
				22BC954C25E46B520056D843 /* Sources */,
				22BC954D25E46B520056D843 /* Frameworks */,
				22BC954E25E46B520056D843 /* Resources */,
			);
			buildRules = (
			);
			dependencies = (
			);
			name = iBeer;
			productName = iBeer;
			productReference = 22BC955025E46B520056D843 /* iBeer.app */;
			productType = "com.apple.product-type.application";
		};
		22BC956825E46B530056D843 /* iBeerTests */ = {
			isa = PBXNativeTarget;
			buildConfigurationList = 22BC958025E46B530056D843 /* Build configuration list for PBXNativeTarget "iBeerTests" */;
			buildPhases = (
				22BC956525E46B530056D843 /* Sources */,
				22BC956625E46B530056D843 /* Frameworks */,
				22BC956725E46B530056D843 /* Resources */,
			);
			buildRules = (
			);
			dependencies = (
				22BC956B25E46B530056D843 /* PBXTargetDependency */,
			);
			name = iBeerTests;
			productName = iBeerTests;
			productReference = 22BC956925E46B530056D843 /* iBeerTests.xctest */;
			productType = "com.apple.product-type.bundle.unit-test";
		};
		22BC957325E46B530056D843 /* iBeerUITests */ = {
			isa = PBXNativeTarget;
			buildConfigurationList = 22BC958325E46B530056D843 /* Build configuration list for PBXNativeTarget "iBeerUITests" */;
			buildPhases = (
				22BC957025E46B530056D843 /* Sources */,
				22BC957125E46B530056D843 /* Frameworks */,
				22BC957225E46B530056D843 /* Resources */,
			);
			buildRules = (
			);
			dependencies = (
				22BC957625E46B530056D843 /* PBXTargetDependency */,
			);
			name = iBeerUITests;
			productName = iBeerUITests;
			productReference = 22BC957425E46B530056D843 /* iBeerUITests.xctest */;
			productType = "com.apple.product-type.bundle.ui-testing";
		};
/* End PBXNativeTarget section */

/* Begin PBXProject section */
		22BC954825E46B520056D843 /* Project object */ = {
			isa = PBXProject;
			attributes = {
				LastSwiftUpdateCheck = 1240;
				LastUpgradeCheck = 1240;
				TargetAttributes = {
					22BC954F25E46B520056D843 = {
						CreatedOnToolsVersion = 12.4;
					};
					22BC956825E46B530056D843 = {
						CreatedOnToolsVersion = 12.4;
						TestTargetID = 22BC954F25E46B520056D843;
					};
					22BC957325E46B530056D843 = {
						CreatedOnToolsVersion = 12.4;
						TestTargetID = 22BC954F25E46B520056D843;
					};
				};
			};
			buildConfigurationList = 22BC954B25E46B520056D843 /* Build configuration list for PBXProject "iBeer" */;
			compatibilityVersion = "Xcode 9.3";
			developmentRegion = en;
			hasScannedForEncodings = 0;
			knownRegions = (
				en,
				Base,
			);
			mainGroup = 22BC954725E46B520056D843;
			productRefGroup = 22BC955125E46B520056D843 /* Products */;
			projectDirPath = "";
			projectRoot = "";
			targets = (
				22BC954F25E46B520056D843 /* iBeer */,
				22BC956825E46B530056D843 /* iBeerTests */,
				22BC957325E46B530056D843 /* iBeerUITests */,
			);
		};
/* End PBXProject section */

/* Begin PBXResourcesBuildPhase section */
		22BC954E25E46B520056D843 /* Resources */ = {
			isa = PBXResourcesBuildPhase;
			buildActionMask = 2147483647;
			files = (
				22BC956325E46B530056D843 /* LaunchScreen.storyboard in Resources */,
				22BC956025E46B530056D843 /* Assets.xcassets in Resources */,
				22BC955B25E46B520056D843 /* Main.storyboard in Resources */,
			);
			runOnlyForDeploymentPostprocessing = 0;
		};
		22BC956725E46B530056D843 /* Resources */ = {
			isa = PBXResourcesBuildPhase;
			buildActionMask = 2147483647;
			files = (
			);
			runOnlyForDeploymentPostprocessing = 0;
		};
		22BC957225E46B530056D843 /* Resources */ = {
			isa = PBXResourcesBuildPhase;
			buildActionMask = 2147483647;
			files = (
			);
			runOnlyForDeploymentPostprocessing = 0;
		};
/* End PBXResourcesBuildPhase section */

/* Begin PBXSourcesBuildPhase section */
		22BC954C25E46B520056D843 /* Sources */ = {
			isa = PBXSourcesBuildPhase;
			buildActionMask = 2147483647;
			files = (
				22BC955825E46B520056D843 /* ViewController.swift in Sources */,
				22BC955E25E46B520056D843 /* iBeer.xcdatamodeld in Sources */,
				22BC955425E46B520056D843 /* AppDelegate.swift in Sources */,
				22BC955625E46B520056D843 /* SceneDelegate.swift in Sources */,
			);
			runOnlyForDeploymentPostprocessing = 0;
		};
		22BC956525E46B530056D843 /* Sources */ = {
			isa = PBXSourcesBuildPhase;
			buildActionMask = 2147483647;
			files = (
				22BC956E25E46B530056D843 /* iBeerTests.swift in Sources */,
			);
			runOnlyForDeploymentPostprocessing = 0;
		};
		22BC957025E46B530056D843 /* Sources */ = {
			isa = PBXSourcesBuildPhase;
			buildActionMask = 2147483647;
			files = (
				22BC957925E46B530056D843 /* iBeerUITests.swift in Sources */,
			);
			runOnlyForDeploymentPostprocessing = 0;
		};
/* End PBXSourcesBuildPhase section */

/* Begin PBXTargetDependency section */
		22BC956B25E46B530056D843 /* PBXTargetDependency */ = {
			isa = PBXTargetDependency;
			target = 22BC954F25E46B520056D843 /* iBeer */;
			targetProxy = 22BC956A25E46B530056D843 /* PBXContainerItemProxy */;
		};
		22BC957625E46B530056D843 /* PBXTargetDependency */ = {
			isa = PBXTargetDependency;
			target = 22BC954F25E46B520056D843 /* iBeer */;
			targetProxy = 22BC957525E46B530056D843 /* PBXContainerItemProxy */;
		};
/* End PBXTargetDependency section */

/* Begin PBXVariantGroup section */
		22BC955925E46B520056D843 /* Main.storyboard */ = {
			isa = PBXVariantGroup;
			children = (
				22BC955A25E46B520056D843 /* Base */,
			);
			name = Main.storyboard;
			sourceTree = "<group>";
		};
		22BC956125E46B530056D843 /* LaunchScreen.storyboard */ = {
			isa = PBXVariantGroup;
			children = (
				22BC956225E46B530056D843 /* Base */,
			);
			name = LaunchScreen.storyboard;
			sourceTree = "<group>";
		};
/* End PBXVariantGroup section */

/* Begin XCBuildConfiguration section */
		22BC957B25E46B530056D843 /* Debug */ = {
			isa = XCBuildConfiguration;
			buildSettings = {
				ALWAYS_SEARCH_USER_PATHS = NO;
				CLANG_ANALYZER_NONNULL = YES;
				CLANG_ANALYZER_NUMBER_OBJECT_CONVERSION = YES_AGGRESSIVE;
				CLANG_CXX_LANGUAGE_STANDARD = "gnu++14";
				CLANG_CXX_LIBRARY = "libc++";
				CLANG_ENABLE_MODULES = YES;
				CLANG_ENABLE_OBJC_ARC = YES;
				CLANG_ENABLE_OBJC_WEAK = YES;
				CLANG_WARN_BLOCK_CAPTURE_AUTORELEASING = YES;
				CLANG_WARN_BOOL_CONVERSION = YES;
				CLANG_WARN_COMMA = YES;
				CLANG_WARN_CONSTANT_CONVERSION = YES;
				CLANG_WARN_DEPRECATED_OBJC_IMPLEMENTATIONS = YES;
				CLANG_WARN_DIRECT_OBJC_ISA_USAGE = YES_ERROR;
				CLANG_WARN_DOCUMENTATION_COMMENTS = YES;
				CLANG_WARN_EMPTY_BODY = YES;
				CLANG_WARN_ENUM_CONVERSION = YES;
				CLANG_WARN_INFINITE_RECURSION = YES;
				CLANG_WARN_INT_CONVERSION = YES;
				CLANG_WARN_NON_LITERAL_NULL_CONVERSION = YES;
				CLANG_WARN_OBJC_IMPLICIT_RETAIN_SELF = YES;
				CLANG_WARN_OBJC_LITERAL_CONVERSION = YES;
				CLANG_WARN_OBJC_ROOT_CLASS = YES_ERROR;
				CLANG_WARN_QUOTED_INCLUDE_IN_FRAMEWORK_HEADER = YES;
				CLANG_WARN_RANGE_LOOP_ANALYSIS = YES;
				CLANG_WARN_STRICT_PROTOTYPES = YES;
				CLANG_WARN_SUSPICIOUS_MOVE = YES;
				CLANG_WARN_UNGUARDED_AVAILABILITY = YES_AGGRESSIVE;
				CLANG_WARN_UNREACHABLE_CODE = YES;
				CLANG_WARN__DUPLICATE_METHOD_MATCH = YES;
				COPY_PHASE_STRIP = NO;
				DEBUG_INFORMATION_FORMAT = dwarf;
				ENABLE_STRICT_OBJC_MSGSEND = YES;
				ENABLE_TESTABILITY = YES;
				GCC_C_LANGUAGE_STANDARD = gnu11;
				GCC_DYNAMIC_NO_PIC = NO;
				GCC_NO_COMMON_BLOCKS = YES;
				GCC_OPTIMIZATION_LEVEL = 0;
				GCC_PREPROCESSOR_DEFINITIONS = (
					"DEBUG=1",
					"$(inherited)",
				);
				GCC_WARN_64_TO_32_BIT_CONVERSION = YES;
				GCC_WARN_ABOUT_RETURN_TYPE = YES_ERROR;
				GCC_WARN_UNDECLARED_SELECTOR = YES;
				GCC_WARN_UNINITIALIZED_AUTOS = YES_AGGRESSIVE;
				GCC_WARN_UNUSED_FUNCTION = YES;
				GCC_WARN_UNUSED_VARIABLE = YES;
				IPHONEOS_DEPLOYMENT_TARGET = 14.4;
				MTL_ENABLE_DEBUG_INFO = INCLUDE_SOURCE;
				MTL_FAST_MATH = YES;
				ONLY_ACTIVE_ARCH = YES;
				SDKROOT = iphoneos;
				SWIFT_ACTIVE_COMPILATION_CONDITIONS = DEBUG;
				SWIFT_OPTIMIZATION_LEVEL = "-Onone";
			};
			name = Debug;
		};
		22BC957C25E46B530056D843 /* Release */ = {
			isa = XCBuildConfiguration;
			buildSettings = {
				ALWAYS_SEARCH_USER_PATHS = NO;
				CLANG_ANALYZER_NONNULL = YES;
				CLANG_ANALYZER_NUMBER_OBJECT_CONVERSION = YES_AGGRESSIVE;
				CLANG_CXX_LANGUAGE_STANDARD = "gnu++14";
				CLANG_CXX_LIBRARY = "libc++";
				CLANG_ENABLE_MODULES = YES;
				CLANG_ENABLE_OBJC_ARC = YES;
				CLANG_ENABLE_OBJC_WEAK = YES;
				CLANG_WARN_BLOCK_CAPTURE_AUTORELEASING = YES;
				CLANG_WARN_BOOL_CONVERSION = YES;
				CLANG_WARN_COMMA = YES;
				CLANG_WARN_CONSTANT_CONVERSION = YES;
				CLANG_WARN_DEPRECATED_OBJC_IMPLEMENTATIONS = YES;
				CLANG_WARN_DIRECT_OBJC_ISA_USAGE = YES_ERROR;
				CLANG_WARN_DOCUMENTATION_COMMENTS = YES;
				CLANG_WARN_EMPTY_BODY = YES;
				CLANG_WARN_ENUM_CONVERSION = YES;
				CLANG_WARN_INFINITE_RECURSION = YES;
				CLANG_WARN_INT_CONVERSION = YES;
				CLANG_WARN_NON_LITERAL_NULL_CONVERSION = YES;
				CLANG_WARN_OBJC_IMPLICIT_RETAIN_SELF = YES;
				CLANG_WARN_OBJC_LITERAL_CONVERSION = YES;
				CLANG_WARN_OBJC_ROOT_CLASS = YES_ERROR;
				CLANG_WARN_QUOTED_INCLUDE_IN_FRAMEWORK_HEADER = YES;
				CLANG_WARN_RANGE_LOOP_ANALYSIS = YES;
				CLANG_WARN_STRICT_PROTOTYPES = YES;
				CLANG_WARN_SUSPICIOUS_MOVE = YES;
				CLANG_WARN_UNGUARDED_AVAILABILITY = YES_AGGRESSIVE;
				CLANG_WARN_UNREACHABLE_CODE = YES;
				CLANG_WARN__DUPLICATE_METHOD_MATCH = YES;
				COPY_PHASE_STRIP = NO;
				DEBUG_INFORMATION_FORMAT = "dwarf-with-dsym";
				ENABLE_NS_ASSERTIONS = NO;
				ENABLE_STRICT_OBJC_MSGSEND = YES;
				GCC_C_LANGUAGE_STANDARD = gnu11;
				GCC_NO_COMMON_BLOCKS = YES;
				GCC_WARN_64_TO_32_BIT_CONVERSION = YES;
				GCC_WARN_ABOUT_RETURN_TYPE = YES_ERROR;
				GCC_WARN_UNDECLARED_SELECTOR = YES;
				GCC_WARN_UNINITIALIZED_AUTOS = YES_AGGRESSIVE;
				GCC_WARN_UNUSED_FUNCTION = YES;
				GCC_WARN_UNUSED_VARIABLE = YES;
				IPHONEOS_DEPLOYMENT_TARGET = 14.4;
				MTL_ENABLE_DEBUG_INFO = NO;
				MTL_FAST_MATH = YES;
				SDKROOT = iphoneos;
				SWIFT_COMPILATION_MODE = wholemodule;
				SWIFT_OPTIMIZATION_LEVEL = "-O";
				VALIDATE_PRODUCT = YES;
			};
			name = Release;
		};
		22BC957E25E46B530056D843 /* Debug */ = {
			isa = XCBuildConfiguration;
			buildSettings = {
				ASSETCATALOG_COMPILER_APPICON_NAME = AppIcon;
				ASSETCATALOG_COMPILER_GLOBAL_ACCENT_COLOR_NAME = AccentColor;
				CODE_SIGN_STYLE = Automatic;
				INFOPLIST_FILE = iBeer/Info.plist;
				LD_RUNPATH_SEARCH_PATHS = (
					"$(inherited)",
					"@executable_path/Frameworks",
				);
				PRODUCT_BUNDLE_IDENTIFIER = com.andrade.iBeer;
				PRODUCT_NAME = "$(TARGET_NAME)";
				SWIFT_VERSION = 5.0;
				TARGETED_DEVICE_FAMILY = "1,2";
			};
			name = Debug;
		};
		22BC957F25E46B530056D843 /* Release */ = {
			isa = XCBuildConfiguration;
			buildSettings = {
				ASSETCATALOG_COMPILER_APPICON_NAME = AppIcon;
				ASSETCATALOG_COMPILER_GLOBAL_ACCENT_COLOR_NAME = AccentColor;
				CODE_SIGN_STYLE = Automatic;
				INFOPLIST_FILE = iBeer/Info.plist;
				LD_RUNPATH_SEARCH_PATHS = (
					"$(inherited)",
					"@executable_path/Frameworks",
				);
				PRODUCT_BUNDLE_IDENTIFIER = com.andrade.iBeer;
				PRODUCT_NAME = "$(TARGET_NAME)";
				SWIFT_VERSION = 5.0;
				TARGETED_DEVICE_FAMILY = "1,2";
			};
			name = Release;
		};
		22BC958125E46B530056D843 /* Debug */ = {
			isa = XCBuildConfiguration;
			buildSettings = {
				ALWAYS_EMBED_SWIFT_STANDARD_LIBRARIES = YES;
				BUNDLE_LOADER = "$(TEST_HOST)";
				CODE_SIGN_STYLE = Automatic;
				INFOPLIST_FILE = iBeerTests/Info.plist;
				IPHONEOS_DEPLOYMENT_TARGET = 14.4;
				LD_RUNPATH_SEARCH_PATHS = (
					"$(inherited)",
					"@executable_path/Frameworks",
					"@loader_path/Frameworks",
				);
				PRODUCT_BUNDLE_IDENTIFIER = com.andrade.iBeerTests;
				PRODUCT_NAME = "$(TARGET_NAME)";
				SWIFT_VERSION = 5.0;
				TARGETED_DEVICE_FAMILY = "1,2";
				TEST_HOST = "$(BUILT_PRODUCTS_DIR)/iBeer.app/iBeer";
			};
			name = Debug;
		};
		22BC958225E46B530056D843 /* Release */ = {
			isa = XCBuildConfiguration;
			buildSettings = {
				ALWAYS_EMBED_SWIFT_STANDARD_LIBRARIES = YES;
				BUNDLE_LOADER = "$(TEST_HOST)";
				CODE_SIGN_STYLE = Automatic;
				INFOPLIST_FILE = iBeerTests/Info.plist;
				IPHONEOS_DEPLOYMENT_TARGET = 14.4;
				LD_RUNPATH_SEARCH_PATHS = (
					"$(inherited)",
					"@executable_path/Frameworks",
					"@loader_path/Frameworks",
				);
				PRODUCT_BUNDLE_IDENTIFIER = com.andrade.iBeerTests;
				PRODUCT_NAME = "$(TARGET_NAME)";
				SWIFT_VERSION = 5.0;
				TARGETED_DEVICE_FAMILY = "1,2";
				TEST_HOST = "$(BUILT_PRODUCTS_DIR)/iBeer.app/iBeer";
			};
			name = Release;
		};
		22BC958425E46B530056D843 /* Debug */ = {
			isa = XCBuildConfiguration;
			buildSettings = {
				ALWAYS_EMBED_SWIFT_STANDARD_LIBRARIES = YES;
				CODE_SIGN_STYLE = Automatic;
				INFOPLIST_FILE = iBeerUITests/Info.plist;
				LD_RUNPATH_SEARCH_PATHS = (
					"$(inherited)",
					"@executable_path/Frameworks",
					"@loader_path/Frameworks",
				);
				PRODUCT_BUNDLE_IDENTIFIER = com.andrade.iBeerUITests;
				PRODUCT_NAME = "$(TARGET_NAME)";
				SWIFT_VERSION = 5.0;
				TARGETED_DEVICE_FAMILY = "1,2";
				TEST_TARGET_NAME = iBeer;
			};
			name = Debug;
		};
		22BC958525E46B530056D843 /* Release */ = {
			isa = XCBuildConfiguration;
			buildSettings = {
				ALWAYS_EMBED_SWIFT_STANDARD_LIBRARIES = YES;
				CODE_SIGN_STYLE = Automatic;
				INFOPLIST_FILE = iBeerUITests/Info.plist;
				LD_RUNPATH_SEARCH_PATHS = (
					"$(inherited)",
					"@executable_path/Frameworks",
					"@loader_path/Frameworks",
				);
				PRODUCT_BUNDLE_IDENTIFIER = com.andrade.iBeerUITests;
				PRODUCT_NAME = "$(TARGET_NAME)";
				SWIFT_VERSION = 5.0;
				TARGETED_DEVICE_FAMILY = "1,2";
				TEST_TARGET_NAME = iBeer;
			};
			name = Release;
		};
/* End XCBuildConfiguration section */

/* Begin XCConfigurationList section */
		22BC954B25E46B520056D843 /* Build configuration list for PBXProject "iBeer" */ = {
			isa = XCConfigurationList;
			buildConfigurations = (
				22BC957B25E46B530056D843 /* Debug */,
				22BC957C25E46B530056D843 /* Release */,
			);
			defaultConfigurationIsVisible = 0;
			defaultConfigurationName = Release;
		};
		22BC957D25E46B530056D843 /* Build configuration list for PBXNativeTarget "iBeer" */ = {
			isa = XCConfigurationList;
			buildConfigurations = (
				22BC957E25E46B530056D843 /* Debug */,
				22BC957F25E46B530056D843 /* Release */,
			);
			defaultConfigurationIsVisible = 0;
			defaultConfigurationName = Release;
		};
		22BC958025E46B530056D843 /* Build configuration list for PBXNativeTarget "iBeerTests" */ = {
			isa = XCConfigurationList;
			buildConfigurations = (
				22BC958125E46B530056D843 /* Debug */,
				22BC958225E46B530056D843 /* Release */,
			);
			defaultConfigurationIsVisible = 0;
			defaultConfigurationName = Release;
		};
		22BC958325E46B530056D843 /* Build configuration list for PBXNativeTarget "iBeerUITests" */ = {
			isa = XCConfigurationList;
			buildConfigurations = (
				22BC958425E46B530056D843 /* Debug */,
				22BC958525E46B530056D843 /* Release */,
			);
			defaultConfigurationIsVisible = 0;
			defaultConfigurationName = Release;
		};
/* End XCConfigurationList section */

/* Begin XCVersionGroup section */
		22BC955C25E46B520056D843 /* iBeer.xcdatamodeld */ = {
			isa = XCVersionGroup;
			children = (
				22BC955D25E46B520056D843 /* iBeer.xcdatamodel */,
			);
			currentVersion = 22BC955D25E46B520056D843 /* iBeer.xcdatamodel */;
			path = iBeer.xcdatamodeld;
			sourceTree = "<group>";
			versionGroupType = wrapper.xcdatamodel;
		};
/* End XCVersionGroup section */
	};
	rootObject = 22BC954825E46B520056D843 /* Project object */;
}
